<?xml version="1.0" encoding="utf-8"?>
<Project ToolsVersion="4.0" xmlns="http://schemas.microsoft.com/developer/msbuild/2003">
  <ItemGroup>
    <Filter Include="소스 파일">
      <UniqueIdentifier>{4FC737F1-C7A5-4376-A066-2A32D752A2FF}</UniqueIdentifier>
      <Extensions>cpp;c;cc;cxx;def;odl;idl;hpj;bat;asm;asmx</Extensions>
    </Filter>
    <Filter Include="헤더 파일">
      <UniqueIdentifier>{93995380-89BD-4b04-88EB-625FBE52EBFB}</UniqueIdentifier>
      <Extensions>h;hh;hpp;hxx;hm;inl;inc;xsd</Extensions>
    </Filter>
    <Filter Include="리소스 파일">
      <UniqueIdentifier>{67DA6AB6-F800-4c08-8B7A-83BB121AAD01}</UniqueIdentifier>
      <Extensions>rc;ico;cur;bmp;dlg;rc2;rct;bin;rgs;gif;jpg;jpeg;jpe;resx;tiff;tif;png;wav;mfcribbon-ms</Extensions>
    </Filter>
    <Filter Include="모델 파일">
      <UniqueIdentifier>{623543d8-b513-40eb-9b73-44d0851ab55d}</UniqueIdentifier>
    </Filter>
    <Filter Include="셰이더 파일">
      <UniqueIdentifier>{c5922dc8-7ac7-4607-8624-025b59f00326}</UniqueIdentifier>
    </Filter>
  </ItemGroup>
  <ItemGroup>
    <ClCompile Include="view.cpp">
      <Filter>소스 파일</Filter>
    </ClCompile>
    <ClCompile Include="deco.cpp">
      <Filter>소스 파일</Filter>
    </ClCompile>
    <ClCompile Include="enemy.cpp">
      <Filter>소스 파일</Filter>
    </ClCompile>
    <ClCompile Include="game.cpp">
      <Filter>소스 파일</Filter>
    </ClCompile>
    <ClCompile Include="generator.cpp">
      <Filter>소스 파일</Filter>
    </ClCompile>
    <ClCompile Include="InitShader.cpp">
      <Filter>소스 파일</Filter>
    </ClCompile>
    <ClCompile Include="key.cpp">
      <Filter>소스 파일</Filter>
    </ClCompile>
    <ClCompile Include="lodepng.cpp">
      <Filter>소스 파일</Filter>
    </ClCompile>
    <ClCompile Include="main.cpp">
      <Filter>소스 파일</Filter>
    </ClCompile>
    <ClCompile Include="model.cpp">
      <Filter>소스 파일</Filter>
    </ClCompile>
    <ClCompile Include="null.cpp">
      <Filter>소스 파일</Filter>
    </ClCompile>
    <ClCompile Include="object.cpp">
      <Filter>소스 파일</Filter>
    </ClCompile>
    <ClCompile Include="player.cpp">
      <Filter>소스 파일</Filter>
    </ClCompile>
    <ClCompile Include="resource.cpp">
      <Filter>소스 파일</Filter>
    </ClCompile>
    <ClCompile Include="river.cpp">
      <Filter>소스 파일</Filter>
    </ClCompile>
    <ClCompile Include="shader.cpp">
      <Filter>소스 파일</Filter>
    </ClCompile>
    <ClCompile Include="texture.cpp">
      <Filter>소스 파일</Filter>
    </ClCompile>
    <ClCompile Include="utility.cpp">
      <Filter>소스 파일</Filter>
    </ClCompile>
    <ClCompile Include="debug.cpp">
      <Filter>소스 파일</Filter>
    </ClCompile>
    <ClCompile Include="framebuffer.cpp">
      <Filter>소스 파일</Filter>
    </ClCompile>
    <ClCompile Include="light.cpp">
      <Filter>소스 파일</Filter>
    </ClCompile>
    <ClCompile Include="control.cpp">
      <Filter>소스 파일</Filter>
    </ClCompile>
  </ItemGroup>
  <ItemGroup>
    <ClInclude Include="deco.h">
      <Filter>헤더 파일</Filter>
    </ClInclude>
    <ClInclude Include="enemy.h">
      <Filter>헤더 파일</Filter>
    </ClInclude>
    <ClInclude Include="game.h">
      <Filter>헤더 파일</Filter>
    </ClInclude>
    <ClInclude Include="generator.h">
      <Filter>헤더 파일</Filter>
    </ClInclude>
    <ClInclude Include="InitShader.h">
      <Filter>헤더 파일</Filter>
    </ClInclude>
    <ClInclude Include="key.h">
      <Filter>헤더 파일</Filter>
    </ClInclude>
    <ClInclude Include="lodepng.h">
      <Filter>헤더 파일</Filter>
    </ClInclude>
    <ClInclude Include="mat.h">
      <Filter>헤더 파일</Filter>
    </ClInclude>
    <ClInclude Include="model.h">
      <Filter>헤더 파일</Filter>
    </ClInclude>
    <ClInclude Include="null.h">
      <Filter>헤더 파일</Filter>
    </ClInclude>
    <ClInclude Include="object.h">
      <Filter>헤더 파일</Filter>
    </ClInclude>
    <ClInclude Include="player.h">
      <Filter>헤더 파일</Filter>
    </ClInclude>
    <ClInclude Include="resource.h">
      <Filter>헤더 파일</Filter>
    </ClInclude>
    <ClInclude Include="river.h">
      <Filter>헤더 파일</Filter>
    </ClInclude>
    <ClInclude Include="shader.h">
      <Filter>헤더 파일</Filter>
    </ClInclude>
    <ClInclude Include="texture.h">
      <Filter>헤더 파일</Filter>
    </ClInclude>
    <ClInclude Include="utility.h">
      <Filter>헤더 파일</Filter>
    </ClInclude>
    <ClInclude Include="vec.h">
      <Filter>헤더 파일</Filter>
    </ClInclude>
    <ClInclude Include="view.h">
      <Filter>헤더 파일</Filter>
    </ClInclude>
    <ClInclude Include="debug.h">
      <Filter>헤더 파일</Filter>
    </ClInclude>
    <ClInclude Include="framebuffer.h">
      <Filter>헤더 파일</Filter>
    </ClInclude>
    <ClInclude Include="light.h">
      <Filter>헤더 파일</Filter>
    </ClInclude>
    <ClInclude Include="control.h">
      <Filter>헤더 파일</Filter>
    </ClInclude>
  </ItemGroup>
  <ItemGroup>
    <Image Include="car.png">
      <Filter>리소스 파일</Filter>
    </Image>
    <Image Include="car_blue.png">
      <Filter>리소스 파일</Filter>
    </Image>
    <Image Include="car_gray.png">
      <Filter>리소스 파일</Filter>
    </Image>
    <Image Include="gorani_whole.png">
      <Filter>리소스 파일</Filter>
    </Image>
    <Image Include="log.png">
      <Filter>리소스 파일</Filter>
    </Image>
    <Image Include="test.png">
      <Filter>리소스 파일</Filter>
    </Image>
    <Image Include="tree.png">
      <Filter>리소스 파일</Filter>
    </Image>
    <Image Include="tunnel.png">
      <Filter>리소스 파일</Filter>
    </Image>
    <Image Include="wheel.png">
      <Filter>리소스 파일</Filter>
    </Image>
    <Image Include="white.png">
      <Filter>리소스 파일</Filter>
    </Image>
    <Image Include="road.png">
      <Filter>리소스 파일</Filter>
    </Image>
    <Image Include="grass.png">
      <Filter>리소스 파일</Filter>
    </Image>
    <Image Include="normal_test.png">
      <Filter>리소스 파일</Filter>
    </Image>
    <Image Include="normal_grass.png">
      <Filter>리소스 파일</Filter>
    </Image>
    <Image Include="..\..\..\..\..\..\..\Downloads\normal_log.png">
      <Filter>리소스 파일</Filter>
    </Image>
    <Image Include="normal_tree.png">
      <Filter>리소스 파일</Filter>
    </Image>
    <Image Include="normal_flat.png">
      <Filter>리소스 파일</Filter>
    </Image>
    <Image Include="normal_road.png">
      <Filter>리소스 파일</Filter>
    </Image>
    <Image Include="water.png">
      <Filter>리소스 파일</Filter>
    </Image>
    <Image Include="normal_water.png">
      <Filter>리소스 파일</Filter>
    </Image>
    <Image Include="normal_tunnel.png">
      <Filter>리소스 파일</Filter>
    </Image>
    <Image Include="..\..\..\..\Model\Texture\streetlight.png">
      <Filter>리소스 파일</Filter>
    </Image>
    <Image Include="noise.png">
      <Filter>리소스 파일</Filter>
    </Image>
    <Image Include="chicken.png">
      <Filter>리소스 파일</Filter>
    </Image>
    <Image Include="normal_chicken.png">
      <Filter>리소스 파일</Filter>
    </Image>
    <Image Include="normal_car.png">
      <Filter>리소스 파일</Filter>
    </Image>
  </ItemGroup>
  <ItemGroup>
    <None Include="framepass_f.glsl">
      <Filter>셰이더 파일</Filter>
    </None>
    <None Include="framepass_v.glsl">
      <Filter>셰이더 파일</Filter>
    </None>
    <None Include="wire_g.glsl">
      <Filter>셰이더 파일</Filter>
    </None>
    <None Include="wire_f.glsl">
      <Filter>셰이더 파일</Filter>
    </None>
    <None Include="wire_v.glsl">
      <Filter>셰이더 파일</Filter>
    </None>
    <None Include="gouraud_v.glsl">
      <Filter>셰이더 파일</Filter>
    </None>
    <None Include="gouraud_f.glsl">
      <Filter>셰이더 파일</Filter>
    </None>
    <None Include="flat_f.glsl">
      <Filter>셰이더 파일</Filter>
    </None>
    <None Include="flat_g.glsl">
      <Filter>셰이더 파일</Filter>
    </None>
    <None Include="flat_v.glsl">
      <Filter>셰이더 파일</Filter>
    </None>
    <None Include="phong_f.glsl">
      <Filter>셰이더 파일</Filter>
    </None>
    <None Include="phong_v.glsl">
      <Filter>셰이더 파일</Filter>
    </None>
    <None Include="fog_f.glsl">
      <Filter>셰이더 파일</Filter>
    </None>
    <None Include="fog_v.glsl">
      <Filter>셰이더 파일</Filter>
    </None>
    <None Include="hide_f.glsl">
      <Filter>셰이더 파일</Filter>
    </None>
    <None Include="hide_v.glsl">
      <Filter>셰이더 파일</Filter>
    </None>
    <None Include="phong_g.glsl">
      <Filter>셰이더 파일</Filter>
    </None>
    <None Include="ssao_f.glsl">
      <Filter>셰이더 파일</Filter>
    </None>
    <None Include="ssao_v.glsl">
      <Filter>셰이더 파일</Filter>
    </None>
    <None Include="blur_f.glsl">
      <Filter>셰이더 파일</Filter>
    </None>
    <None Include="blur_v.glsl">
      <Filter>셰이더 파일</Filter>
    </None>
  </ItemGroup>
</Project>